
Microsoft Visual Studio Solution File, Format Version 12.00
# Visual Studio Version 17
VisualStudioVersion = 17.1.32421.90
MinimumVisualStudioVersion = 10.0.40219.1
Project("{FAE04EC0-301F-11D3-BF4B-00C04F79EFBC}") = "Appium-Desktop-Testing", "Appium-Desktop-Testing\Appium-Desktop-Testing.csproj", "{F1999086-2D94-4FB0-81B3-41A65C4B5680}"
EndProject
Global
	GlobalSection(SolutionConfigurationPlatforms) = preSolution
		Debug|Any CPU = Debug|Any CPU
		Release|Any CPU = Release|Any CPU
	EndGlobalSection
	GlobalSection(ProjectConfigurationPlatforms) = postSolution
		{F1999086-2D94-4FB0-81B3-41A65C4B5680}.Debug|Any CPU.ActiveCfg = Debug|Any CPU
		{F1999086-2D94-4FB0-81B3-41A65C4B5680}.Debug|Any CPU.Build.0 = Debug|Any CPU
		{F1999086-2D94-4FB0-81B3-41A65C4B5680}.Release|Any CPU.ActiveCfg = Release|Any CPU
		{F1999086-2D94-4FB0-81B3-41A65C4B5680}.Release|Any CPU.Build.0 = Release|Any CPU
	EndGlobalSection
	GlobalSection(SolutionProperties) = preSolution
		HideSolutionNode = FALSE
	EndGlobalSection
	GlobalSection(ExtensibilityGlobals) = postSolution
		SolutionGuid = {247AD995-2CE4-4861-91C9-5430035FE032}
	EndGlobalSection
EndGlobal
